
Microsoft Visual Studio Solution File, Format Version 12.00
# Visual Studio Version 17
VisualStudioVersion = 17.10.35013.160
MinimumVisualStudioVersion = 10.0.40219.1
Project("{FAE04EC0-301F-11D3-BF4B-00C04F79EFBC}") = "Delegate.Events.Linq", "Delegate.Events.Linq\Delegate.Events.Linq.csproj", "{397ED52E-EBF9-4F5A-BCB6-567696F158AF}"
EndProject
Global
	GlobalSection(SolutionConfigurationPlatforms) = preSolution
		Debug|Any CPU = Debug|Any CPU
		Release|Any CPU = Release|Any CPU
	EndGlobalSection
	GlobalSection(ProjectConfigurationPlatforms) = postSolution
		{397ED52E-EBF9-4F5A-BCB6-567696F158AF}.Debug|Any CPU.ActiveCfg = Debug|Any CPU
		{397ED52E-EBF9-4F5A-BCB6-567696F158AF}.Debug|Any CPU.Build.0 = Debug|Any CPU
		{397ED52E-EBF9-4F5A-BCB6-567696F158AF}.Release|Any CPU.ActiveCfg = Release|Any CPU
		{397ED52E-EBF9-4F5A-BCB6-567696F158AF}.Release|Any CPU.Build.0 = Release|Any CPU
	EndGlobalSection
	GlobalSection(SolutionProperties) = preSolution
		HideSolutionNode = FALSE
	EndGlobalSection
	GlobalSection(ExtensibilityGlobals) = postSolution
		SolutionGuid = {8D8FADAC-3D15-419E-98D6-9C0F784C52B7}
	EndGlobalSection
EndGlobal
